
Microsoft Visual Studio Solution File, Format Version 12.00
# Visual Studio Version 17
VisualStudioVersion = 17.0.32126.317
MinimumVisualStudioVersion = 10.0.40219.1
Project("{9A19103F-16F7-4668-BE54-9A1E7A4F7556}") = "SlimCluster", "SlimCluster\SlimCluster.csproj", "{77A1D853-5C45-4DAD-B2F0-0B4F6BB55B2F}"
EndProject
Project("{9A19103F-16F7-4668-BE54-9A1E7A4F7556}") = "SlimCluster.MsDependencyInjection", "SlimCluster.MsDependencyInjection\SlimCluster.MsDependencyInjection.csproj", "{50B8ED81-C172-4302-B327-AF741B05B9F4}"
EndProject
Project("{9A19103F-16F7-4668-BE54-9A1E7A4F7556}") = "SlimCluster.Strategy.Raft", "SlimCluster.Strategy.Raft\SlimCluster.Strategy.Raft.csproj", "{7199B34A-3DAD-43EC-990A-9F5C89FA6F0A}"
EndProject
Project("{9A19103F-16F7-4668-BE54-9A1E7A4F7556}") = "SlimCluster.Transport", "SlimCluster.Transport\SlimCluster.Transport.csproj", "{05F67E48-1F66-48F0-A876-4A6C55C669BC}"
EndProject
Project("{2150E333-8FDC-42A3-9474-1A3956D46DE8}") = "Solution Items", "Solution Items", "{525A6FC4-A561-4A56-8830-B5EB9A132EB4}"
	ProjectSection(SolutionItems) = preProject
		.editorconfig = .editorconfig
		.gitignore = .gitignore
		Common.Properties.xml = Common.Properties.xml
		Docker-Build_Samples.ConsoleApp.ps1 = Docker-Build_Samples.ConsoleApp.ps1
		Docker-Run_Samples.ConsoleApp.ps1 = Docker-Run_Samples.ConsoleApp.ps1
		Dockerfile = Dockerfile
		..\README.md = ..\README.md
	EndProjectSection
EndProject
Project("{2150E333-8FDC-42A3-9474-1A3956D46DE8}") = "Samples", "Samples", "{42420C23-31F6-46F4-AFEA-A12206C47366}"
	ProjectSection(SolutionItems) = preProject
		Samples\Docker-Run_Samples.ConsoleApp.ps1 = Samples\Docker-Run_Samples.ConsoleApp.ps1
		Samples\Dockerfile = Samples\Dockerfile
	EndProjectSection
EndProject
Project("{9A19103F-16F7-4668-BE54-9A1E7A4F7556}") = "SlimCluster.Samples.ConsoleApp", "Samples\SlimCluster.Samples.ConsoleApp\SlimCluster.Samples.ConsoleApp.csproj", "{AC8D5966-70AC-44A6-BB8C-4946B2D5EA9F}"
EndProject
Project("{9A19103F-16F7-4668-BE54-9A1E7A4F7556}") = "SlimCluster.Membership", "SlimCluster.Membership\SlimCluster.Membership.csproj", "{0A5F274C-688C-4FED-8FC2-6242DD35F5C8}"
EndProject
Project("{9A19103F-16F7-4668-BE54-9A1E7A4F7556}") = "SlimCluster.Membership.Redis", "SlimCluster.Membership.Redis\SlimCluster.Membership.Redis.csproj", "{71256028-489E-4EAC-A1D0-0670C0523695}"
EndProject
Project("{9A19103F-16F7-4668-BE54-9A1E7A4F7556}") = "SlimCluster.Membership.Swim", "SlimCluster.Membership.Swim\SlimCluster.Membership.Swim.csproj", "{2CAB6CF6-7385-4273-824C-18AB6B2C6914}"
EndProject
Project("{9A19103F-16F7-4668-BE54-9A1E7A4F7556}") = "SlimCluster.Serialization", "SlimCluster.Serialization\SlimCluster.Serialization.csproj", "{6DB61183-D768-4073-B924-041DD23E4C1B}"
EndProject
Project("{9A19103F-16F7-4668-BE54-9A1E7A4F7556}") = "SlimCluster.Serialization.Json", "SlimCluster.Serialization.Json\SlimCluster.Serialization.Json.csproj", "{A12FA19D-8EE1-4F3D-976F-CA1ED67C9BFB}"
EndProject
Project("{FAE04EC0-301F-11D3-BF4B-00C04F79EFBC}") = "SlimCluster.Membership.Swim.Tests", "SlimCluster.Membership.Swim.Tests\SlimCluster.Membership.Swim.Tests.csproj", "{9BD1F18C-D10B-4BBF-8792-7F7569E2C97B}"
EndProject
Global
	GlobalSection(SolutionConfigurationPlatforms) = preSolution
		Debug|Any CPU = Debug|Any CPU
		Release|Any CPU = Release|Any CPU
	EndGlobalSection
	GlobalSection(ProjectConfigurationPlatforms) = postSolution
		{77A1D853-5C45-4DAD-B2F0-0B4F6BB55B2F}.Debug|Any CPU.ActiveCfg = Debug|Any CPU
		{77A1D853-5C45-4DAD-B2F0-0B4F6BB55B2F}.Debug|Any CPU.Build.0 = Debug|Any CPU
		{77A1D853-5C45-4DAD-B2F0-0B4F6BB55B2F}.Release|Any CPU.ActiveCfg = Release|Any CPU
		{77A1D853-5C45-4DAD-B2F0-0B4F6BB55B2F}.Release|Any CPU.Build.0 = Release|Any CPU
		{50B8ED81-C172-4302-B327-AF741B05B9F4}.Debug|Any CPU.ActiveCfg = Debug|Any CPU
		{50B8ED81-C172-4302-B327-AF741B05B9F4}.Debug|Any CPU.Build.0 = Debug|Any CPU
		{50B8ED81-C172-4302-B327-AF741B05B9F4}.Release|Any CPU.ActiveCfg = Release|Any CPU
		{50B8ED81-C172-4302-B327-AF741B05B9F4}.Release|Any CPU.Build.0 = Release|Any CPU
		{7199B34A-3DAD-43EC-990A-9F5C89FA6F0A}.Debug|Any CPU.ActiveCfg = Debug|Any CPU
		{7199B34A-3DAD-43EC-990A-9F5C89FA6F0A}.Debug|Any CPU.Build.0 = Debug|Any CPU
		{7199B34A-3DAD-43EC-990A-9F5C89FA6F0A}.Release|Any CPU.ActiveCfg = Release|Any CPU
		{7199B34A-3DAD-43EC-990A-9F5C89FA6F0A}.Release|Any CPU.Build.0 = Release|Any CPU
		{05F67E48-1F66-48F0-A876-4A6C55C669BC}.Debug|Any CPU.ActiveCfg = Debug|Any CPU
		{05F67E48-1F66-48F0-A876-4A6C55C669BC}.Debug|Any CPU.Build.0 = Debug|Any CPU
		{05F67E48-1F66-48F0-A876-4A6C55C669BC}.Release|Any CPU.ActiveCfg = Release|Any CPU
		{05F67E48-1F66-48F0-A876-4A6C55C669BC}.Release|Any CPU.Build.0 = Release|Any CPU
		{AC8D5966-70AC-44A6-BB8C-4946B2D5EA9F}.Debug|Any CPU.ActiveCfg = Debug|Any CPU
		{AC8D5966-70AC-44A6-BB8C-4946B2D5EA9F}.Debug|Any CPU.Build.0 = Debug|Any CPU
		{AC8D5966-70AC-44A6-BB8C-4946B2D5EA9F}.Release|Any CPU.ActiveCfg = Release|Any CPU
		{AC8D5966-70AC-44A6-BB8C-4946B2D5EA9F}.Release|Any CPU.Build.0 = Release|Any CPU
		{0A5F274C-688C-4FED-8FC2-6242DD35F5C8}.Debug|Any CPU.ActiveCfg = Debug|Any CPU
		{0A5F274C-688C-4FED-8FC2-6242DD35F5C8}.Debug|Any CPU.Build.0 = Debug|Any CPU
		{0A5F274C-688C-4FED-8FC2-6242DD35F5C8}.Release|Any CPU.ActiveCfg = Release|Any CPU
		{0A5F274C-688C-4FED-8FC2-6242DD35F5C8}.Release|Any CPU.Build.0 = Release|Any CPU
		{71256028-489E-4EAC-A1D0-0670C0523695}.Debug|Any CPU.ActiveCfg = Debug|Any CPU
		{71256028-489E-4EAC-A1D0-0670C0523695}.Debug|Any CPU.Build.0 = Debug|Any CPU
		{71256028-489E-4EAC-A1D0-0670C0523695}.Release|Any CPU.ActiveCfg = Release|Any CPU
		{71256028-489E-4EAC-A1D0-0670C0523695}.Release|Any CPU.Build.0 = Release|Any CPU
		{2CAB6CF6-7385-4273-824C-18AB6B2C6914}.Debug|Any CPU.ActiveCfg = Debug|Any CPU
		{2CAB6CF6-7385-4273-824C-18AB6B2C6914}.Debug|Any CPU.Build.0 = Debug|Any CPU
		{2CAB6CF6-7385-4273-824C-18AB6B2C6914}.Release|Any CPU.ActiveCfg = Release|Any CPU
		{2CAB6CF6-7385-4273-824C-18AB6B2C6914}.Release|Any CPU.Build.0 = Release|Any CPU
		{6DB61183-D768-4073-B924-041DD23E4C1B}.Debug|Any CPU.ActiveCfg = Debug|Any CPU
		{6DB61183-D768-4073-B924-041DD23E4C1B}.Debug|Any CPU.Build.0 = Debug|Any CPU
		{6DB61183-D768-4073-B924-041DD23E4C1B}.Release|Any CPU.ActiveCfg = Release|Any CPU
		{6DB61183-D768-4073-B924-041DD23E4C1B}.Release|Any CPU.Build.0 = Release|Any CPU
		{A12FA19D-8EE1-4F3D-976F-CA1ED67C9BFB}.Debug|Any CPU.ActiveCfg = Debug|Any CPU
		{A12FA19D-8EE1-4F3D-976F-CA1ED67C9BFB}.Debug|Any CPU.Build.0 = Debug|Any CPU
		{A12FA19D-8EE1-4F3D-976F-CA1ED67C9BFB}.Release|Any CPU.ActiveCfg = Release|Any CPU
		{A12FA19D-8EE1-4F3D-976F-CA1ED67C9BFB}.Release|Any CPU.Build.0 = Release|Any CPU
		{9BD1F18C-D10B-4BBF-8792-7F7569E2C97B}.Debug|Any CPU.ActiveCfg = Debug|Any CPU
		{9BD1F18C-D10B-4BBF-8792-7F7569E2C97B}.Debug|Any CPU.Build.0 = Debug|Any CPU
		{9BD1F18C-D10B-4BBF-8792-7F7569E2C97B}.Release|Any CPU.ActiveCfg = Release|Any CPU
		{9BD1F18C-D10B-4BBF-8792-7F7569E2C97B}.Release|Any CPU.Build.0 = Release|Any CPU
	EndGlobalSection
	GlobalSection(SolutionProperties) = preSolution
		HideSolutionNode = FALSE
	EndGlobalSection
	GlobalSection(NestedProjects) = preSolution
		{AC8D5966-70AC-44A6-BB8C-4946B2D5EA9F} = {42420C23-31F6-46F4-AFEA-A12206C47366}
	EndGlobalSection
	GlobalSection(ExtensibilityGlobals) = postSolution
		SolutionGuid = {BBBF50BF-8110-44D9-804D-F25B712B3FF4}
	EndGlobalSection
EndGlobal
